// !$*UTF8*$!
{
	archiveVersion = 1;
	classes = {
	};
	objectVersion = 48;
	objects = {

/* Begin PBXBuildFile section */
		181D54D91F8F0504005B52A7 /* AppDelegate.swift in Sources */ = {isa = PBXBuildFile; fileRef = 181D54D81F8F0504005B52A7 /* AppDelegate.swift */; };
		181D54DB1F8F0504005B52A7 /* ViewController.swift in Sources */ = {isa = PBXBuildFile; fileRef = 181D54DA1F8F0504005B52A7 /* ViewController.swift */; };
		181D54DE1F8F0504005B52A7 /* Main.storyboard in Resources */ = {isa = PBXBuildFile; fileRef = 181D54DC1F8F0504005B52A7 /* Main.storyboard */; };
		181D54E01F8F0504005B52A7 /* Assets.xcassets in Resources */ = {isa = PBXBuildFile; fileRef = 181D54DF1F8F0504005B52A7 /* Assets.xcassets */; };
		181D54E31F8F0504005B52A7 /* LaunchScreen.storyboard in Resources */ = {isa = PBXBuildFile; fileRef = 181D54E11F8F0504005B52A7 /* LaunchScreen.storyboard */; };
		181D54EE1F8F0504005B52A7 /* SwiftDemoTests.swift in Sources */ = {isa = PBXBuildFile; fileRef = 181D54ED1F8F0504005B52A7 /* SwiftDemoTests.swift */; };
		181D54F91F8F0504005B52A7 /* SwiftDemoUITests.swift in Sources */ = {isa = PBXBuildFile; fileRef = 181D54F81F8F0504005B52A7 /* SwiftDemoUITests.swift */; };
		181D55081F8F057A005B52A7 /* TwoViewController.swift in Sources */ = {isa = PBXBuildFile; fileRef = 181D55061F8F057A005B52A7 /* TwoViewController.swift */; };
		181D55091F8F057A005B52A7 /* TwoViewController.xib in Resources */ = {isa = PBXBuildFile; fileRef = 181D55071F8F057A005B52A7 /* TwoViewController.xib */; };
/* End PBXBuildFile section */

/* Begin PBXContainerItemProxy section */
		181D54EA1F8F0504005B52A7 /* PBXContainerItemProxy */ = {
			isa = PBXContainerItemProxy;
			containerPortal = 181D54CD1F8F0504005B52A7 /* Project object */;
			proxyType = 1;
			remoteGlobalIDString = 181D54D41F8F0504005B52A7;
			remoteInfo = SwiftDemo;
		};
		181D54F51F8F0504005B52A7 /* PBXContainerItemProxy */ = {
			isa = PBXContainerItemProxy;
			containerPortal = 181D54CD1F8F0504005B52A7 /* Project object */;
			proxyType = 1;
			remoteGlobalIDString = 181D54D41F8F0504005B52A7;
			remoteInfo = SwiftDemo;
		};
/* End PBXContainerItemProxy section */

/* Begin PBXFileReference section */
		181D54D51F8F0504005B52A7 /* SwiftDemo.app */ = {isa = PBXFileReference; explicitFileType = wrapper.application; includeInIndex = 0; path = SwiftDemo.app; sourceTree = BUILT_PRODUCTS_DIR; };
		181D54D81F8F0504005B52A7 /* AppDelegate.swift */ = {isa = PBXFileReference; lastKnownFileType = sourcecode.swift; path = AppDelegate.swift; sourceTree = "<group>"; };
		181D54DA1F8F0504005B52A7 /* ViewController.swift */ = {isa = PBXFileReference; lastKnownFileType = sourcecode.swift; path = ViewController.swift; sourceTree = "<group>"; };
		181D54DD1F8F0504005B52A7 /* Base */ = {isa = PBXFileReference; lastKnownFileType = file.storyboard; name = Base; path = Base.lproj/Main.storyboard; sourceTree = "<group>"; };
		181D54DF1F8F0504005B52A7 /* Assets.xcassets */ = {isa = PBXFileReference; lastKnownFileType = folder.assetcatalog; path = Assets.xcassets; sourceTree = "<group>"; };
		181D54E21F8F0504005B52A7 /* Base */ = {isa = PBXFileReference; lastKnownFileType = file.storyboard; name = Base; path = Base.lproj/LaunchScreen.storyboard; sourceTree = "<group>"; };
		181D54E41F8F0504005B52A7 /* Info.plist */ = {isa = PBXFileReference; lastKnownFileType = text.plist.xml; path = Info.plist; sourceTree = "<group>"; };
		181D54E91F8F0504005B52A7 /* SwiftDemoTests.xctest */ = {isa = PBXFileReference; explicitFileType = wrapper.cfbundle; includeInIndex = 0; path = SwiftDemoTests.xctest; sourceTree = BUILT_PRODUCTS_DIR; };
		181D54ED1F8F0504005B52A7 /* SwiftDemoTests.swift */ = {isa = PBXFileReference; lastKnownFileType = sourcecode.swift; path = SwiftDemoTests.swift; sourceTree = "<group>"; };
		181D54EF1F8F0504005B52A7 /* Info.plist */ = {isa = PBXFileReference; lastKnownFileType = text.plist.xml; path = Info.plist; sourceTree = "<group>"; };
		181D54F41F8F0504005B52A7 /* SwiftDemoUITests.xctest */ = {isa = PBXFileReference; explicitFileType = wrapper.cfbundle; includeInIndex = 0; path = SwiftDemoUITests.xctest; sourceTree = BUILT_PRODUCTS_DIR; };
		181D54F81F8F0504005B52A7 /* SwiftDemoUITests.swift */ = {isa = PBXFileReference; lastKnownFileType = sourcecode.swift; path = SwiftDemoUITests.swift; sourceTree = "<group>"; };
		181D54FA1F8F0504005B52A7 /* Info.plist */ = {isa = PBXFileReference; lastKnownFileType = text.plist.xml; path = Info.plist; sourceTree = "<group>"; };
		181D55061F8F057A005B52A7 /* TwoViewController.swift */ = {isa = PBXFileReference; lastKnownFileType = sourcecode.swift; path = TwoViewController.swift; sourceTree = "<group>"; };
		181D55071F8F057A005B52A7 /* TwoViewController.xib */ = {isa = PBXFileReference; lastKnownFileType = file.xib; path = TwoViewController.xib; sourceTree = "<group>"; };
/* End PBXFileReference section */

/* Begin PBXFrameworksBuildPhase section */
		181D54D21F8F0504005B52A7 /* Frameworks */ = {
			isa = PBXFrameworksBuildPhase;
			buildActionMask = 2147483647;
			files = (
			);
			runOnlyForDeploymentPostprocessing = 0;
		};
		181D54E61F8F0504005B52A7 /* Frameworks */ = {
			isa = PBXFrameworksBuildPhase;
			buildActionMask = 2147483647;
			files = (
			);
			runOnlyForDeploymentPostprocessing = 0;
		};
		181D54F11F8F0504005B52A7 /* Frameworks */ = {
			isa = PBXFrameworksBuildPhase;
			buildActionMask = 2147483647;
			files = (
			);
			runOnlyForDeploymentPostprocessing = 0;
		};
/* End PBXFrameworksBuildPhase section */

/* Begin PBXGroup section */
		181D54CC1F8F0504005B52A7 = {
			isa = PBXGroup;
			children = (
				181D54D71F8F0504005B52A7 /* SwiftDemo */,
				181D54EC1F8F0504005B52A7 /* SwiftDemoTests */,
				181D54F71F8F0504005B52A7 /* SwiftDemoUITests */,
				181D54D61F8F0504005B52A7 /* Products */,
			);
			sourceTree = "<group>";
		};
		181D54D61F8F0504005B52A7 /* Products */ = {
			isa = PBXGroup;
			children = (
				181D54D51F8F0504005B52A7 /* SwiftDemo.app */,
				181D54E91F8F0504005B52A7 /* SwiftDemoTests.xctest */,
				181D54F41F8F0504005B52A7 /* SwiftDemoUITests.xctest */,
			);
			name = Products;
			sourceTree = "<group>";
		};
		181D54D71F8F0504005B52A7 /* SwiftDemo */ = {
			isa = PBXGroup;
			children = (
				181D54D81F8F0504005B52A7 /* AppDelegate.swift */,
				181D54DA1F8F0504005B52A7 /* ViewController.swift */,
				181D54DC1F8F0504005B52A7 /* Main.storyboard */,
				181D54DF1F8F0504005B52A7 /* Assets.xcassets */,
				181D54E11F8F0504005B52A7 /* LaunchScreen.storyboard */,
				181D54E41F8F0504005B52A7 /* Info.plist */,
				181D55061F8F057A005B52A7 /* TwoViewController.swift */,
				181D55071F8F057A005B52A7 /* TwoViewController.xib */,
			);
			path = SwiftDemo;
			sourceTree = "<group>";
		};
		181D54EC1F8F0504005B52A7 /* SwiftDemoTests */ = {
			isa = PBXGroup;
			children = (
				181D54ED1F8F0504005B52A7 /* SwiftDemoTests.swift */,
				181D54EF1F8F0504005B52A7 /* Info.plist */,
			);
			path = SwiftDemoTests;
			sourceTree = "<group>";
		};
		181D54F71F8F0504005B52A7 /* SwiftDemoUITests */ = {
			isa = PBXGroup;
			children = (
				181D54F81F8F0504005B52A7 /* SwiftDemoUITests.swift */,
				181D54FA1F8F0504005B52A7 /* Info.plist */,
			);
			path = SwiftDemoUITests;
			sourceTree = "<group>";
		};
/* End PBXGroup section */

/* Begin PBXNativeTarget section */
		181D54D41F8F0504005B52A7 /* SwiftDemo */ = {
			isa = PBXNativeTarget;
			buildConfigurationList = 181D54FD1F8F0504005B52A7 /* Build configuration list for PBXNativeTarget "SwiftDemo" */;
			buildPhases = (
				181D54D11F8F0504005B52A7 /* Sources */,
				181D54D21F8F0504005B52A7 /* Frameworks */,
				181D54D31F8F0504005B52A7 /* Resources */,
			);
			buildRules = (
			);
			dependencies = (
			);
			name = SwiftDemo;
			productName = SwiftDemo;
			productReference = 181D54D51F8F0504005B52A7 /* SwiftDemo.app */;
			productType = "com.apple.product-type.application";
		};
		181D54E81F8F0504005B52A7 /* SwiftDemoTests */ = {
			isa = PBXNativeTarget;
			buildConfigurationList = 181D55001F8F0504005B52A7 /* Build configuration list for PBXNativeTarget "SwiftDemoTests" */;
			buildPhases = (
				181D54E51F8F0504005B52A7 /* Sources */,
				181D54E61F8F0504005B52A7 /* Frameworks */,
				181D54E71F8F0504005B52A7 /* Resources */,
			);
			buildRules = (
			);
			dependencies = (
				181D54EB1F8F0504005B52A7 /* PBXTargetDependency */,
			);
			name = SwiftDemoTests;
			productName = SwiftDemoTests;
			productReference = 181D54E91F8F0504005B52A7 /* SwiftDemoTests.xctest */;
			productType = "com.apple.product-type.bundle.unit-test";
		};
		181D54F31F8F0504005B52A7 /* SwiftDemoUITests */ = {
			isa = PBXNativeTarget;
			buildConfigurationList = 181D55031F8F0504005B52A7 /* Build configuration list for PBXNativeTarget "SwiftDemoUITests" */;
			buildPhases = (
				181D54F01F8F0504005B52A7 /* Sources */,
				181D54F11F8F0504005B52A7 /* Frameworks */,
				181D54F21F8F0504005B52A7 /* Resources */,
			);
			buildRules = (
			);
			dependencies = (
				181D54F61F8F0504005B52A7 /* PBXTargetDependency */,
			);
			name = SwiftDemoUITests;
			productName = SwiftDemoUITests;
			productReference = 181D54F41F8F0504005B52A7 /* SwiftDemoUITests.xctest */;
			productType = "com.apple.product-type.bundle.ui-testing";
		};
/* End PBXNativeTarget section */

/* Begin PBXProject section */
		181D54CD1F8F0504005B52A7 /* Project object */ = {
			isa = PBXProject;
			attributes = {
				LastSwiftUpdateCheck = 0900;
				LastUpgradeCheck = 0900;
				ORGANIZATIONNAME = apple;
				TargetAttributes = {
					181D54D41F8F0504005B52A7 = {
						CreatedOnToolsVersion = 9.0;
						ProvisioningStyle = Automatic;
					};
					181D54E81F8F0504005B52A7 = {
						CreatedOnToolsVersion = 9.0;
						ProvisioningStyle = Automatic;
						TestTargetID = 181D54D41F8F0504005B52A7;
					};
					181D54F31F8F0504005B52A7 = {
						CreatedOnToolsVersion = 9.0;
						ProvisioningStyle = Automatic;
						TestTargetID = 181D54D41F8F0504005B52A7;
					};
				};
			};
			buildConfigurationList = 181D54D01F8F0504005B52A7 /* Build configuration list for PBXProject "SwiftDemo" */;
			compatibilityVersion = "Xcode 8.0";
			developmentRegion = en;
			hasScannedForEncodings = 0;
			knownRegions = (
				en,
				Base,
			);
			mainGroup = 181D54CC1F8F0504005B52A7;
			productRefGroup = 181D54D61F8F0504005B52A7 /* Products */;
			projectDirPath = "";
			projectRoot = "";
			targets = (
				181D54D41F8F0504005B52A7 /* SwiftDemo */,
				181D54E81F8F0504005B52A7 /* SwiftDemoTests */,
				181D54F31F8F0504005B52A7 /* SwiftDemoUITests */,
			);
		};
/* End PBXProject section */

/* Begin PBXResourcesBuildPhase section */
		181D54D31F8F0504005B52A7 /* Resources */ = {
			isa = PBXResourcesBuildPhase;
			buildActionMask = 2147483647;
			files = (
				181D54E31F8F0504005B52A7 /* LaunchScreen.storyboard in Resources */,
				181D54E01F8F0504005B52A7 /* Assets.xcassets in Resources */,
				181D54DE1F8F0504005B52A7 /* Main.storyboard in Resources */,
				181D55091F8F057A005B52A7 /* TwoViewController.xib in Resources */,
			);
			runOnlyForDeploymentPostprocessing = 0;
		};
		181D54E71F8F0504005B52A7 /* Resources */ = {
			isa = PBXResourcesBuildPhase;
			buildActionMask = 2147483647;
			files = (
			);
			runOnlyForDeploymentPostprocessing = 0;
		};
		181D54F21F8F0504005B52A7 /* Resources */ = {
			isa = PBXResourcesBuildPhase;
			buildActionMask = 2147483647;
			files = (
			);
			runOnlyForDeploymentPostprocessing = 0;
		};
/* End PBXResourcesBuildPhase section */

/* Begin PBXSourcesBuildPhase section */
		181D54D11F8F0504005B52A7 /* Sources */ = {
			isa = PBXSourcesBuildPhase;
			buildActionMask = 2147483647;
			files = (
				181D54DB1F8F0504005B52A7 /* ViewController.swift in Sources */,
				181D54D91F8F0504005B52A7 /* AppDelegate.swift in Sources */,
				181D55081F8F057A005B52A7 /* TwoViewController.swift in Sources */,
			);
			runOnlyForDeploymentPostprocessing = 0;
		};
		181D54E51F8F0504005B52A7 /* Sources */ = {
			isa = PBXSourcesBuildPhase;
			buildActionMask = 2147483647;
			files = (
				181D54EE1F8F0504005B52A7 /* SwiftDemoTests.swift in Sources */,
			);
			runOnlyForDeploymentPostprocessing = 0;
		};
		181D54F01F8F0504005B52A7 /* Sources */ = {
			isa = PBXSourcesBuildPhase;
			buildActionMask = 2147483647;
			files = (
				181D54F91F8F0504005B52A7 /* SwiftDemoUITests.swift in Sources */,
			);
			runOnlyForDeploymentPostprocessing = 0;
		};
/* End PBXSourcesBuildPhase section */

/* Begin PBXTargetDependency section */
		181D54EB1F8F0504005B52A7 /* PBXTargetDependency */ = {
			isa = PBXTargetDependency;
			target = 181D54D41F8F0504005B52A7 /* SwiftDemo */;
			targetProxy = 181D54EA1F8F0504005B52A7 /* PBXContainerItemProxy */;
		};
		181D54F61F8F0504005B52A7 /* PBXTargetDependency */ = {
			isa = PBXTargetDependency;
			target = 181D54D41F8F0504005B52A7 /* SwiftDemo */;
			targetProxy = 181D54F51F8F0504005B52A7 /* PBXContainerItemProxy */;
		};
/* End PBXTargetDependency section */

/* Begin PBXVariantGroup section */
		181D54DC1F8F0504005B52A7 /* Main.storyboard */ = {
			isa = PBXVariantGroup;
			children = (
				181D54DD1F8F0504005B52A7 /* Base */,
			);
			name = Main.storyboard;
			sourceTree = "<group>";
		};
		181D54E11F8F0504005B52A7 /* LaunchScreen.storyboard */ = {
			isa = PBXVariantGroup;
			children = (
				181D54E21F8F0504005B52A7 /* Base */,
			);
			name = LaunchScreen.storyboard;
			sourceTree = "<group>";
		};
/* End PBXVariantGroup section */

/* Begin XCBuildConfiguration section */
		181D54FB1F8F0504005B52A7 /* Debug */ = {
			isa = XCBuildConfiguration;
			buildSettings = {
				ALWAYS_SEARCH_USER_PATHS = NO;
				CLANG_ANALYZER_NONNULL = YES;
				CLANG_ANALYZER_NUMBER_OBJECT_CONVERSION = YES_AGGRESSIVE;
				CLANG_CXX_LANGUAGE_STANDARD = "gnu++14";
				CLANG_CXX_LIBRARY = "libc++";
				CLANG_ENABLE_MODULES = YES;
				CLANG_ENABLE_OBJC_ARC = YES;
				CLANG_WARN_BLOCK_CAPTURE_AUTORELEASING = YES;
				CLANG_WARN_BOOL_CONVERSION = YES;
				CLANG_WARN_COMMA = YES;
				CLANG_WARN_CONSTANT_CONVERSION = YES;
				CLANG_WARN_DIRECT_OBJC_ISA_USAGE = YES_ERROR;
				CLANG_WARN_DOCUMENTATION_COMMENTS = YES;
				CLANG_WARN_EMPTY_BODY = YES;
				CLANG_WARN_ENUM_CONVERSION = YES;
				CLANG_WARN_INFINITE_RECURSION = YES;
				CLANG_WARN_INT_CONVERSION = YES;
				CLANG_WARN_NON_LITERAL_NULL_CONVERSION = YES;
				CLANG_WARN_OBJC_LITERAL_CONVERSION = YES;
				CLANG_WARN_OBJC_ROOT_CLASS = YES_ERROR;
				CLANG_WARN_RANGE_LOOP_ANALYSIS = YES;
				CLANG_WARN_STRICT_PROTOTYPES = YES;
				CLANG_WARN_SUSPICIOUS_MOVE = YES;
				CLANG_WARN_UNGUARDED_AVAILABILITY = YES_AGGRESSIVE;
				CLANG_WARN_UNREACHABLE_CODE = YES;
				CLANG_WARN__DUPLICATE_METHOD_MATCH = YES;
				CODE_SIGN_IDENTITY = "iPhone Developer";
				COPY_PHASE_STRIP = NO;
				DEBUG_INFORMATION_FORMAT = dwarf;
				ENABLE_STRICT_OBJC_MSGSEND = YES;
				ENABLE_TESTABILITY = YES;
				GCC_C_LANGUAGE_STANDARD = gnu11;
				GCC_DYNAMIC_NO_PIC = NO;
				GCC_NO_COMMON_BLOCKS = YES;
				GCC_OPTIMIZATION_LEVEL = 0;
				GCC_PREPROCESSOR_DEFINITIONS = (
					"DEBUG=1",
					"$(inherited)",
				);
				GCC_WARN_64_TO_32_BIT_CONVERSION = YES;
				GCC_WARN_ABOUT_RETURN_TYPE = YES_ERROR;
				GCC_WARN_UNDECLARED_SELECTOR = YES;
				GCC_WARN_UNINITIALIZED_AUTOS = YES_AGGRESSIVE;
				GCC_WARN_UNUSED_FUNCTION = YES;
				GCC_WARN_UNUSED_VARIABLE = YES;
				IPHONEOS_DEPLOYMENT_TARGET = 11.0;
				MTL_ENABLE_DEBUG_INFO = YES;
				ONLY_ACTIVE_ARCH = YES;
				SDKROOT = iphoneos;
				SWIFT_ACTIVE_COMPILATION_CONDITIONS = DEBUG;
				SWIFT_OPTIMIZATION_LEVEL = "-Onone";
			};
			name = Debug;
		};
		181D54FC1F8F0504005B52A7 /* Release */ = {
			isa = XCBuildConfiguration;
			buildSettings = {
				ALWAYS_SEARCH_USER_PATHS = NO;
				CLANG_ANALYZER_NONNULL = YES;
				CLANG_ANALYZER_NUMBER_OBJECT_CONVERSION = YES_AGGRESSIVE;
				CLANG_CXX_LANGUAGE_STANDARD = "gnu++14";
				CLANG_CXX_LIBRARY = "libc++";
				CLANG_ENABLE_MODULES = YES;
				CLANG_ENABLE_OBJC_ARC = YES;
				CLANG_WARN_BLOCK_CAPTURE_AUTORELEASING = YES;
				CLANG_WARN_BOOL_CONVERSION = YES;
				CLANG_WARN_COMMA = YES;
				CLANG_WARN_CONSTANT_CONVERSION = YES;
				CLANG_WARN_DIRECT_OBJC_ISA_USAGE = YES_ERROR;
				CLANG_WARN_DOCUMENTATION_COMMENTS = YES;
				CLANG_WARN_EMPTY_BODY = YES;
				CLANG_WARN_ENUM_CONVERSION = YES;
				CLANG_WARN_INFINITE_RECURSION = YES;
				CLANG_WARN_INT_CONVERSION = YES;
				CLANG_WARN_NON_LITERAL_NULL_CONVERSION = YES;
				CLANG_WARN_OBJC_LITERAL_CONVERSION = YES;
				CLANG_WARN_OBJC_ROOT_CLASS = YES_ERROR;
				CLANG_WARN_RANGE_LOOP_ANALYSIS = YES;
				CLANG_WARN_STRICT_PROTOTYPES = YES;
				CLANG_WARN_SUSPICIOUS_MOVE = YES;
				CLANG_WARN_UNGUARDED_AVAILABILITY = YES_AGGRESSIVE;
				CLANG_WARN_UNREACHABLE_CODE = YES;
				CLANG_WARN__DUPLICATE_METHOD_MATCH = YES;
				CODE_SIGN_IDENTITY = "iPhone Developer";
				COPY_PHASE_STRIP = NO;
				DEBUG_INFORMATION_FORMAT = "dwarf-with-dsym";
				ENABLE_NS_ASSERTIONS = NO;
				ENABLE_STRICT_OBJC_MSGSEND = YES;
				GCC_C_LANGUAGE_STANDARD = gnu11;
				GCC_NO_COMMON_BLOCKS = YES;
				GCC_WARN_64_TO_32_BIT_CONVERSION = YES;
				GCC_WARN_ABOUT_RETURN_TYPE = YES_ERROR;
				GCC_WARN_UNDECLARED_SELECTOR = YES;
				GCC_WARN_UNINITIALIZED_AUTOS = YES_AGGRESSIVE;
				GCC_WARN_UNUSED_FUNCTION = YES;
				GCC_WARN_UNUSED_VARIABLE = YES;
				IPHONEOS_DEPLOYMENT_TARGET = 11.0;
				MTL_ENABLE_DEBUG_INFO = NO;
				SDKROOT = iphoneos;
				SWIFT_OPTIMIZATION_LEVEL = "-Owholemodule";
				VALIDATE_PRODUCT = YES;
			};
			name = Release;
		};
		181D54FE1F8F0504005B52A7 /* Debug */ = {
			isa = XCBuildConfiguration;
			buildSettings = {
				ASSETCATALOG_COMPILER_APPICON_NAME = AppIcon;
				CODE_SIGN_STYLE = Automatic;
				DEVELOPMENT_TEAM = 684DY2PAWL;
				INFOPLIST_FILE = SwiftDemo/Info.plist;
				LD_RUNPATH_SEARCH_PATHS = "$(inherited) @executable_path/Frameworks";
				PRODUCT_BUNDLE_IDENTIFIER = com.dongfangyingu.cn.SwiftDemo;
				PRODUCT_NAME = "$(TARGET_NAME)";
				SWIFT_VERSION = 4.0;
				TARGETED_DEVICE_FAMILY = "1,2";
			};
			name = Debug;
		};
		181D54FF1F8F0504005B52A7 /* Release */ = {
			isa = XCBuildConfiguration;
			buildSettings = {
				ASSETCATALOG_COMPILER_APPICON_NAME = AppIcon;
				CODE_SIGN_STYLE = Automatic;
				DEVELOPMENT_TEAM = 684DY2PAWL;
				INFOPLIST_FILE = SwiftDemo/Info.plist;
				LD_RUNPATH_SEARCH_PATHS = "$(inherited) @executable_path/Frameworks";
				PRODUCT_BUNDLE_IDENTIFIER = com.dongfangyingu.cn.SwiftDemo;
				PRODUCT_NAME = "$(TARGET_NAME)";
				SWIFT_VERSION = 4.0;
				TARGETED_DEVICE_FAMILY = "1,2";
			};
			name = Release;
		};
		181D55011F8F0504005B52A7 /* Debug */ = {
			isa = XCBuildConfiguration;
			buildSettings = {
				ALWAYS_EMBED_SWIFT_STANDARD_LIBRARIES = YES;
				BUNDLE_LOADER = "$(TEST_HOST)";
				CODE_SIGN_STYLE = Automatic;
				DEVELOPMENT_TEAM = 684DY2PAWL;
				INFOPLIST_FILE = SwiftDemoTests/Info.plist;
				LD_RUNPATH_SEARCH_PATHS = "$(inherited) @executable_path/Frameworks @loader_path/Frameworks";
				PRODUCT_BUNDLE_IDENTIFIER = com.dongfangyingu.cn.SwiftDemoTests;
				PRODUCT_NAME = "$(TARGET_NAME)";
				SWIFT_VERSION = 4.0;
				TARGETED_DEVICE_FAMILY = "1,2";
				TEST_HOST = "$(BUILT_PRODUCTS_DIR)/SwiftDemo.app/SwiftDemo";
			};
			name = Debug;
		};
		181D55021F8F0504005B52A7 /* Release */ = {
			isa = XCBuildConfiguration;
			buildSettings = {
				ALWAYS_EMBED_SWIFT_STANDARD_LIBRARIES = YES;
				BUNDLE_LOADER = "$(TEST_HOST)";
				CODE_SIGN_STYLE = Automatic;
				DEVELOPMENT_TEAM = 684DY2PAWL;
				INFOPLIST_FILE = SwiftDemoTests/Info.plist;
				LD_RUNPATH_SEARCH_PATHS = "$(inherited) @executable_path/Frameworks @loader_path/Frameworks";
				PRODUCT_BUNDLE_IDENTIFIER = com.dongfangyingu.cn.SwiftDemoTests;
				PRODUCT_NAME = "$(TARGET_NAME)";
				SWIFT_VERSION = 4.0;
				TARGETED_DEVICE_FAMILY = "1,2";
				TEST_HOST = "$(BUILT_PRODUCTS_DIR)/SwiftDemo.app/SwiftDemo";
			};
			name = Release;
		};
		181D55041F8F0504005B52A7 /* Debug */ = {
			isa = XCBuildConfiguration;
			buildSettings = {
				ALWAYS_EMBED_SWIFT_STANDARD_LIBRARIES = YES;
				CODE_SIGN_STYLE = Automatic;
				DEVELOPMENT_TEAM = 684DY2PAWL;
				INFOPLIST_FILE = SwiftDemoUITests/Info.plist;
				LD_RUNPATH_SEARCH_PATHS = "$(inherited) @executable_path/Frameworks @loader_path/Frameworks";
				PRODUCT_BUNDLE_IDENTIFIER = com.dongfangyingu.cn.SwiftDemoUITests;
				PRODUCT_NAME = "$(TARGET_NAME)";
				SWIFT_VERSION = 4.0;
				TARGETED_DEVICE_FAMILY = "1,2";
				TEST_TARGET_NAME = SwiftDemo;
			};
			name = Debug;
		};
		181D55051F8F0504005B52A7 /* Release */ = {
			isa = XCBuildConfiguration;
			buildSettings = {
				ALWAYS_EMBED_SWIFT_STANDARD_LIBRARIES = YES;
				CODE_SIGN_STYLE = Automatic;
				DEVELOPMENT_TEAM = 684DY2PAWL;
				INFOPLIST_FILE = SwiftDemoUITests/Info.plist;
				LD_RUNPATH_SEARCH_PATHS = "$(inherited) @executable_path/Frameworks @loader_path/Frameworks";
				PRODUCT_BUNDLE_IDENTIFIER = com.dongfangyingu.cn.SwiftDemoUITests;
				PRODUCT_NAME = "$(TARGET_NAME)";
				SWIFT_VERSION = 4.0;
				TARGETED_DEVICE_FAMILY = "1,2";
				TEST_TARGET_NAME = SwiftDemo;
			};
			name = Release;
		};
/* End XCBuildConfiguration section */

/* Begin XCConfigurationList section */
		181D54D01F8F0504005B52A7 /* Build configuration list for PBXProject "SwiftDemo" */ = {
			isa = XCConfigurationList;
			buildConfigurations = (
				181D54FB1F8F0504005B52A7 /* Debug */,
				181D54FC1F8F0504005B52A7 /* Release */,
			);
			defaultConfigurationIsVisible = 0;
			defaultConfigurationName = Release;
		};
		181D54FD1F8F0504005B52A7 /* Build configuration list for PBXNativeTarget "SwiftDemo" */ = {
			isa = XCConfigurationList;
			buildConfigurations = (
				181D54FE1F8F0504005B52A7 /* Debug */,
				181D54FF1F8F0504005B52A7 /* Release */,
			);
			defaultConfigurationIsVisible = 0;
			defaultConfigurationName = Release;
		};
		181D55001F8F0504005B52A7 /* Build configuration list for PBXNativeTarget "SwiftDemoTests" */ = {
			isa = XCConfigurationList;
			buildConfigurations = (
				181D55011F8F0504005B52A7 /* Debug */,
				181D55021F8F0504005B52A7 /* Release */,
			);
			defaultConfigurationIsVisible = 0;
			defaultConfigurationName = Release;
		};
		181D55031F8F0504005B52A7 /* Build configuration list for PBXNativeTarget "SwiftDemoUITests" */ = {
			isa = XCConfigurationList;
			buildConfigurations = (
				181D55041F8F0504005B52A7 /* Debug */,
				181D55051F8F0504005B52A7 /* Release */,
			);
			defaultConfigurationIsVisible = 0;
			defaultConfigurationName = Release;
		};
/* End XCConfigurationList section */
	};
	rootObject = 181D54CD1F8F0504005B52A7 /* Project object */;
}
